// !$*UTF8*$!
{
	archiveVersion = 1;
	classes = {
	};
	objectVersion = 46;
	objects = {

/* Begin PBXBuildFile section */
		2D10715A1A3FC7B10013A654 /* ProfileViewController.swift in Sources */ = {isa = PBXBuildFile; fileRef = 2D1071591A3FC7B10013A654 /* ProfileViewController.swift */; };
		2D2548791A3A69B000C833E2 /* AppDelegate.swift in Sources */ = {isa = PBXBuildFile; fileRef = 2D2548781A3A69B000C833E2 /* AppDelegate.swift */; };
		2D25487C1A3A69B000C833E2 /* ExchangeAGram.xcdatamodeld in Sources */ = {isa = PBXBuildFile; fileRef = 2D25487A1A3A69B000C833E2 /* ExchangeAGram.xcdatamodeld */; };
		2D2548811A3A69B000C833E2 /* Main.storyboard in Resources */ = {isa = PBXBuildFile; fileRef = 2D25487F1A3A69B000C833E2 /* Main.storyboard */; };
		2D2548831A3A69B000C833E2 /* Images.xcassets in Resources */ = {isa = PBXBuildFile; fileRef = 2D2548821A3A69B000C833E2 /* Images.xcassets */; };
		2D2548861A3A69B000C833E2 /* LaunchScreen.xib in Resources */ = {isa = PBXBuildFile; fileRef = 2D2548841A3A69B000C833E2 /* LaunchScreen.xib */; };
		2D2548921A3A69B000C833E2 /* ExchangeAGramTests.swift in Sources */ = {isa = PBXBuildFile; fileRef = 2D2548911A3A69B000C833E2 /* ExchangeAGramTests.swift */; };
		2D25489C1A3A6AFD00C833E2 /* FeedViewController.swift in Sources */ = {isa = PBXBuildFile; fileRef = 2D25489B1A3A6AFD00C833E2 /* FeedViewController.swift */; };
		2D25489E1A3A713000C833E2 /* FeedCell.swift in Sources */ = {isa = PBXBuildFile; fileRef = 2D25489D1A3A713000C833E2 /* FeedCell.swift */; };
		2D2548A01A3A72AD00C833E2 /* MobileCoreServices.framework in Frameworks */ = {isa = PBXBuildFile; fileRef = 2D25489F1A3A72AD00C833E2 /* MobileCoreServices.framework */; };
		2D2548A41A3B5FF500C833E2 /* FilterViewController.swift in Sources */ = {isa = PBXBuildFile; fileRef = 2D2548A31A3B5FF500C833E2 /* FilterViewController.swift */; };
		2D2548A61A3B6D8400C833E2 /* FilterCell.swift in Sources */ = {isa = PBXBuildFile; fileRef = 2D2548A51A3B6D8400C833E2 /* FilterCell.swift */; };
		2D644F831A40F66500BE7431 /* FeedItem.swift in Sources */ = {isa = PBXBuildFile; fileRef = 2D644F821A40F66500BE7431 /* FeedItem.swift */; };
		2DCA595D1A40B6F100DC2AAA /* FacebookSDK.framework in Frameworks */ = {isa = PBXBuildFile; fileRef = 2DCA595C1A40B6F100DC2AAA /* FacebookSDK.framework */; };
		2DCA59601A40E3A600DC2AAA /* MapViewController.swift in Sources */ = {isa = PBXBuildFile; fileRef = 2DCA595F1A40E3A600DC2AAA /* MapViewController.swift */; };
		2DCA59621A40E60B00DC2AAA /* MapKit.framework in Frameworks */ = {isa = PBXBuildFile; fileRef = 2DCA59611A40E60B00DC2AAA /* MapKit.framework */; };
/* End PBXBuildFile section */

/* Begin PBXContainerItemProxy section */
		2D25488C1A3A69B000C833E2 /* PBXContainerItemProxy */ = {
			isa = PBXContainerItemProxy;
			containerPortal = 2D25486B1A3A69B000C833E2 /* Project object */;
			proxyType = 1;
			remoteGlobalIDString = 2D2548721A3A69B000C833E2;
			remoteInfo = ExchangeAGram;
		};
/* End PBXContainerItemProxy section */

/* Begin PBXFileReference section */
		2D1071591A3FC7B10013A654 /* ProfileViewController.swift */ = {isa = PBXFileReference; fileEncoding = 4; lastKnownFileType = sourcecode.swift; path = ProfileViewController.swift; sourceTree = "<group>"; };
		2D2548731A3A69B000C833E2 /* ExchangeAGram.app */ = {isa = PBXFileReference; explicitFileType = wrapper.application; includeInIndex = 0; path = ExchangeAGram.app; sourceTree = BUILT_PRODUCTS_DIR; };
		2D2548771A3A69B000C833E2 /* Info.plist */ = {isa = PBXFileReference; lastKnownFileType = text.plist.xml; path = Info.plist; sourceTree = "<group>"; };
		2D2548781A3A69B000C833E2 /* AppDelegate.swift */ = {isa = PBXFileReference; lastKnownFileType = sourcecode.swift; path = AppDelegate.swift; sourceTree = "<group>"; };
		2D25487B1A3A69B000C833E2 /* ExchangeAGram.xcdatamodel */ = {isa = PBXFileReference; lastKnownFileType = wrapper.xcdatamodel; path = ExchangeAGram.xcdatamodel; sourceTree = "<group>"; };
		2D2548801A3A69B000C833E2 /* Base */ = {isa = PBXFileReference; lastKnownFileType = file.storyboard; name = Base; path = Base.lproj/Main.storyboard; sourceTree = "<group>"; };
		2D2548821A3A69B000C833E2 /* Images.xcassets */ = {isa = PBXFileReference; lastKnownFileType = folder.assetcatalog; path = Images.xcassets; sourceTree = "<group>"; };
		2D2548851A3A69B000C833E2 /* Base */ = {isa = PBXFileReference; lastKnownFileType = file.xib; name = Base; path = Base.lproj/LaunchScreen.xib; sourceTree = "<group>"; };
		2D25488B1A3A69B000C833E2 /* ExchangeAGramTests.xctest */ = {isa = PBXFileReference; explicitFileType = wrapper.cfbundle; includeInIndex = 0; path = ExchangeAGramTests.xctest; sourceTree = BUILT_PRODUCTS_DIR; };
		2D2548901A3A69B000C833E2 /* Info.plist */ = {isa = PBXFileReference; lastKnownFileType = text.plist.xml; path = Info.plist; sourceTree = "<group>"; };
		2D2548911A3A69B000C833E2 /* ExchangeAGramTests.swift */ = {isa = PBXFileReference; lastKnownFileType = sourcecode.swift; path = ExchangeAGramTests.swift; sourceTree = "<group>"; };
		2D25489B1A3A6AFD00C833E2 /* FeedViewController.swift */ = {isa = PBXFileReference; fileEncoding = 4; lastKnownFileType = sourcecode.swift; path = FeedViewController.swift; sourceTree = "<group>"; };
		2D25489D1A3A713000C833E2 /* FeedCell.swift */ = {isa = PBXFileReference; fileEncoding = 4; lastKnownFileType = sourcecode.swift; path = FeedCell.swift; sourceTree = "<group>"; };
		2D25489F1A3A72AD00C833E2 /* MobileCoreServices.framework */ = {isa = PBXFileReference; lastKnownFileType = wrapper.framework; name = MobileCoreServices.framework; path = System/Library/Frameworks/MobileCoreServices.framework; sourceTree = SDKROOT; };
		2D2548A31A3B5FF500C833E2 /* FilterViewController.swift */ = {isa = PBXFileReference; fileEncoding = 4; lastKnownFileType = sourcecode.swift; path = FilterViewController.swift; sourceTree = "<group>"; };
		2D2548A51A3B6D8400C833E2 /* FilterCell.swift */ = {isa = PBXFileReference; fileEncoding = 4; lastKnownFileType = sourcecode.swift; path = FilterCell.swift; sourceTree = "<group>"; };
		2D644F821A40F66500BE7431 /* FeedItem.swift */ = {isa = PBXFileReference; fileEncoding = 4; lastKnownFileType = sourcecode.swift; name = FeedItem.swift; path = ../FeedItem.swift; sourceTree = "<group>"; };
		2DCA595C1A40B6F100DC2AAA /* FacebookSDK.framework */ = {isa = PBXFileReference; lastKnownFileType = wrapper.framework; name = FacebookSDK.framework; path = ../../../../../../Documents/FacebookSDK/FacebookSDK.framework; sourceTree = "<group>"; };
		2DCA595E1A40B81000DC2AAA /* Bridging-Header.h */ = {isa = PBXFileReference; lastKnownFileType = sourcecode.c.h; path = "Bridging-Header.h"; sourceTree = "<group>"; };
		2DCA595F1A40E3A600DC2AAA /* MapViewController.swift */ = {isa = PBXFileReference; fileEncoding = 4; lastKnownFileType = sourcecode.swift; path = MapViewController.swift; sourceTree = "<group>"; };
		2DCA59611A40E60B00DC2AAA /* MapKit.framework */ = {isa = PBXFileReference; lastKnownFileType = wrapper.framework; name = MapKit.framework; path = System/Library/Frameworks/MapKit.framework; sourceTree = SDKROOT; };
/* End PBXFileReference section */

/* Begin PBXFrameworksBuildPhase section */
		2D2548701A3A69B000C833E2 /* Frameworks */ = {
			isa = PBXFrameworksBuildPhase;
			buildActionMask = 2147483647;
			files = (
				2DCA59621A40E60B00DC2AAA /* MapKit.framework in Frameworks */,
				2DCA595D1A40B6F100DC2AAA /* FacebookSDK.framework in Frameworks */,
				2D2548A01A3A72AD00C833E2 /* MobileCoreServices.framework in Frameworks */,
			);
			runOnlyForDeploymentPostprocessing = 0;
		};
		2D2548881A3A69B000C833E2 /* Frameworks */ = {
			isa = PBXFrameworksBuildPhase;
			buildActionMask = 2147483647;
			files = (
			);
			runOnlyForDeploymentPostprocessing = 0;
		};
/* End PBXFrameworksBuildPhase section */

/* Begin PBXGroup section */
		2D1071581A3FAB860013A654 /* Model */ = {
			isa = PBXGroup;
			children = (
				2D644F821A40F66500BE7431 /* FeedItem.swift */,
				2D25487A1A3A69B000C833E2 /* ExchangeAGram.xcdatamodeld */,
			);
			name = Model;
			sourceTree = "<group>";
		};
		2D25486A1A3A69B000C833E2 = {
			isa = PBXGroup;
			children = (
				2D2548751A3A69B000C833E2 /* ExchangeAGram */,
				2D25488E1A3A69B000C833E2 /* ExchangeAGramTests */,
				2D2548741A3A69B000C833E2 /* Products */,
			);
			sourceTree = "<group>";
		};
		2D2548741A3A69B000C833E2 /* Products */ = {
			isa = PBXGroup;
			children = (
				2D2548731A3A69B000C833E2 /* ExchangeAGram.app */,
				2D25488B1A3A69B000C833E2 /* ExchangeAGramTests.xctest */,
			);
			name = Products;
			sourceTree = "<group>";
		};
		2D2548751A3A69B000C833E2 /* ExchangeAGram */ = {
			isa = PBXGroup;
			children = (
				2D2548781A3A69B000C833E2 /* AppDelegate.swift */,
				2D25489B1A3A6AFD00C833E2 /* FeedViewController.swift */,
				2D2548A31A3B5FF500C833E2 /* FilterViewController.swift */,
				2D25489D1A3A713000C833E2 /* FeedCell.swift */,
				2D2548A51A3B6D8400C833E2 /* FilterCell.swift */,
				2D1071591A3FC7B10013A654 /* ProfileViewController.swift */,
				2DCA595F1A40E3A600DC2AAA /* MapViewController.swift */,
				2D25487F1A3A69B000C833E2 /* Main.storyboard */,
				2D2548821A3A69B000C833E2 /* Images.xcassets */,
				2D2548841A3A69B000C833E2 /* LaunchScreen.xib */,
				2D1071581A3FAB860013A654 /* Model */,
				2D2548761A3A69B000C833E2 /* Supporting Files */,
				2DCA595E1A40B81000DC2AAA /* Bridging-Header.h */,
			);
			path = ExchangeAGram;
			sourceTree = "<group>";
		};
		2D2548761A3A69B000C833E2 /* Supporting Files */ = {
			isa = PBXGroup;
			children = (
				2DCA59611A40E60B00DC2AAA /* MapKit.framework */,
				2DCA595C1A40B6F100DC2AAA /* FacebookSDK.framework */,
				2D25489F1A3A72AD00C833E2 /* MobileCoreServices.framework */,
				2D2548771A3A69B000C833E2 /* Info.plist */,
			);
			name = "Supporting Files";
			sourceTree = "<group>";
		};
		2D25488E1A3A69B000C833E2 /* ExchangeAGramTests */ = {
			isa = PBXGroup;
			children = (
				2D2548911A3A69B000C833E2 /* ExchangeAGramTests.swift */,
				2D25488F1A3A69B000C833E2 /* Supporting Files */,
			);
			path = ExchangeAGramTests;
			sourceTree = "<group>";
		};
		2D25488F1A3A69B000C833E2 /* Supporting Files */ = {
			isa = PBXGroup;
			children = (
				2D2548901A3A69B000C833E2 /* Info.plist */,
			);
			name = "Supporting Files";
			sourceTree = "<group>";
		};
/* End PBXGroup section */

/* Begin PBXNativeTarget section */
		2D2548721A3A69B000C833E2 /* ExchangeAGram */ = {
			isa = PBXNativeTarget;
			buildConfigurationList = 2D2548951A3A69B000C833E2 /* Build configuration list for PBXNativeTarget "ExchangeAGram" */;
			buildPhases = (
				2D25486F1A3A69B000C833E2 /* Sources */,
				2D2548701A3A69B000C833E2 /* Frameworks */,
				2D2548711A3A69B000C833E2 /* Resources */,
			);
			buildRules = (
			);
			dependencies = (
			);
			name = ExchangeAGram;
			productName = ExchangeAGram;
			productReference = 2D2548731A3A69B000C833E2 /* ExchangeAGram.app */;
			productType = "com.apple.product-type.application";
		};
		2D25488A1A3A69B000C833E2 /* ExchangeAGramTests */ = {
			isa = PBXNativeTarget;
			buildConfigurationList = 2D2548981A3A69B000C833E2 /* Build configuration list for PBXNativeTarget "ExchangeAGramTests" */;
			buildPhases = (
				2D2548871A3A69B000C833E2 /* Sources */,
				2D2548881A3A69B000C833E2 /* Frameworks */,
				2D2548891A3A69B000C833E2 /* Resources */,
			);
			buildRules = (
			);
			dependencies = (
				2D25488D1A3A69B000C833E2 /* PBXTargetDependency */,
			);
			name = ExchangeAGramTests;
			productName = ExchangeAGramTests;
			productReference = 2D25488B1A3A69B000C833E2 /* ExchangeAGramTests.xctest */;
			productType = "com.apple.product-type.bundle.unit-test";
		};
/* End PBXNativeTarget section */

/* Begin PBXProject section */
		2D25486B1A3A69B000C833E2 /* Project object */ = {
			isa = PBXProject;
			attributes = {
				LastUpgradeCheck = 0610;
				ORGANIZATIONNAME = "Michael Renninger";
				TargetAttributes = {
					2D2548721A3A69B000C833E2 = {
						CreatedOnToolsVersion = 6.1;
					};
					2D25488A1A3A69B000C833E2 = {
						CreatedOnToolsVersion = 6.1;
						TestTargetID = 2D2548721A3A69B000C833E2;
					};
				};
			};
			buildConfigurationList = 2D25486E1A3A69B000C833E2 /* Build configuration list for PBXProject "ExchangeAGram" */;
			compatibilityVersion = "Xcode 3.2";
			developmentRegion = English;
			hasScannedForEncodings = 0;
			knownRegions = (
				en,
				Base,
			);
			mainGroup = 2D25486A1A3A69B000C833E2;
			productRefGroup = 2D2548741A3A69B000C833E2 /* Products */;
			projectDirPath = "";
			projectRoot = "";
			targets = (
				2D2548721A3A69B000C833E2 /* ExchangeAGram */,
				2D25488A1A3A69B000C833E2 /* ExchangeAGramTests */,
			);
		};
/* End PBXProject section */

/* Begin PBXResourcesBuildPhase section */
		2D2548711A3A69B000C833E2 /* Resources */ = {
			isa = PBXResourcesBuildPhase;
			buildActionMask = 2147483647;
			files = (
				2D2548811A3A69B000C833E2 /* Main.storyboard in Resources */,
				2D2548861A3A69B000C833E2 /* LaunchScreen.xib in Resources */,
				2D2548831A3A69B000C833E2 /* Images.xcassets in Resources */,
			);
			runOnlyForDeploymentPostprocessing = 0;
		};
		2D2548891A3A69B000C833E2 /* Resources */ = {
			isa = PBXResourcesBuildPhase;
			buildActionMask = 2147483647;
			files = (
			);
			runOnlyForDeploymentPostprocessing = 0;
		};
/* End PBXResourcesBuildPhase section */

/* Begin PBXSourcesBuildPhase section */
		2D25486F1A3A69B000C833E2 /* Sources */ = {
			isa = PBXSourcesBuildPhase;
			buildActionMask = 2147483647;
			files = (
				2D2548A61A3B6D8400C833E2 /* FilterCell.swift in Sources */,
				2D2548A41A3B5FF500C833E2 /* FilterViewController.swift in Sources */,
				2D2548791A3A69B000C833E2 /* AppDelegate.swift in Sources */,
				2D25489E1A3A713000C833E2 /* FeedCell.swift in Sources */,
				2DCA59601A40E3A600DC2AAA /* MapViewController.swift in Sources */,
				2D644F831A40F66500BE7431 /* FeedItem.swift in Sources */,
				2D25489C1A3A6AFD00C833E2 /* FeedViewController.swift in Sources */,
				2D10715A1A3FC7B10013A654 /* ProfileViewController.swift in Sources */,
				2D25487C1A3A69B000C833E2 /* ExchangeAGram.xcdatamodeld in Sources */,
			);
			runOnlyForDeploymentPostprocessing = 0;
		};
		2D2548871A3A69B000C833E2 /* Sources */ = {
			isa = PBXSourcesBuildPhase;
			buildActionMask = 2147483647;
			files = (
				2D2548921A3A69B000C833E2 /* ExchangeAGramTests.swift in Sources */,
			);
			runOnlyForDeploymentPostprocessing = 0;
		};
/* End PBXSourcesBuildPhase section */

/* Begin PBXTargetDependency section */
		2D25488D1A3A69B000C833E2 /* PBXTargetDependency */ = {
			isa = PBXTargetDependency;
			target = 2D2548721A3A69B000C833E2 /* ExchangeAGram */;
			targetProxy = 2D25488C1A3A69B000C833E2 /* PBXContainerItemProxy */;
		};
/* End PBXTargetDependency section */

/* Begin PBXVariantGroup section */
		2D25487F1A3A69B000C833E2 /* Main.storyboard */ = {
			isa = PBXVariantGroup;
			children = (
				2D2548801A3A69B000C833E2 /* Base */,
			);
			name = Main.storyboard;
			sourceTree = "<group>";
		};
		2D2548841A3A69B000C833E2 /* LaunchScreen.xib */ = {
			isa = PBXVariantGroup;
			children = (
				2D2548851A3A69B000C833E2 /* Base */,
			);
			name = LaunchScreen.xib;
			sourceTree = "<group>";
		};
/* End PBXVariantGroup section */

/* Begin XCBuildConfiguration section */
		2D2548931A3A69B000C833E2 /* Debug */ = {
			isa = XCBuildConfiguration;
			buildSettings = {
				ALWAYS_SEARCH_USER_PATHS = NO;
				CLANG_CXX_LANGUAGE_STANDARD = "gnu++0x";
				CLANG_CXX_LIBRARY = "libc++";
				CLANG_ENABLE_MODULES = YES;
				CLANG_ENABLE_OBJC_ARC = YES;
				CLANG_WARN_BOOL_CONVERSION = YES;
				CLANG_WARN_CONSTANT_CONVERSION = YES;
				CLANG_WARN_DIRECT_OBJC_ISA_USAGE = YES_ERROR;
				CLANG_WARN_EMPTY_BODY = YES;
				CLANG_WARN_ENUM_CONVERSION = YES;
				CLANG_WARN_INT_CONVERSION = YES;
				CLANG_WARN_OBJC_ROOT_CLASS = YES_ERROR;
				CLANG_WARN_UNREACHABLE_CODE = YES;
				CLANG_WARN__DUPLICATE_METHOD_MATCH = YES;
				"CODE_SIGN_IDENTITY[sdk=iphoneos*]" = "iPhone Developer";
				COPY_PHASE_STRIP = NO;
				ENABLE_STRICT_OBJC_MSGSEND = YES;
				GCC_C_LANGUAGE_STANDARD = gnu99;
				GCC_DYNAMIC_NO_PIC = NO;
				GCC_OPTIMIZATION_LEVEL = 0;
				GCC_PREPROCESSOR_DEFINITIONS = (
					"DEBUG=1",
					"$(inherited)",
				);
				GCC_SYMBOLS_PRIVATE_EXTERN = NO;
				GCC_WARN_64_TO_32_BIT_CONVERSION = YES;
				GCC_WARN_ABOUT_RETURN_TYPE = YES_ERROR;
				GCC_WARN_UNDECLARED_SELECTOR = YES;
				GCC_WARN_UNINITIALIZED_AUTOS = YES_AGGRESSIVE;
				GCC_WARN_UNUSED_FUNCTION = YES;
				GCC_WARN_UNUSED_VARIABLE = YES;
				IPHONEOS_DEPLOYMENT_TARGET = 8.1;
				MTL_ENABLE_DEBUG_INFO = YES;
				ONLY_ACTIVE_ARCH = YES;
				SDKROOT = iphoneos;
				SWIFT_OPTIMIZATION_LEVEL = "-Onone";
				TARGETED_DEVICE_FAMILY = "1,2";
			};
			name = Debug;
		};
		2D2548941A3A69B000C833E2 /* Release */ = {
			isa = XCBuildConfiguration;
			buildSettings = {
				ALWAYS_SEARCH_USER_PATHS = NO;
				CLANG_CXX_LANGUAGE_STANDARD = "gnu++0x";
				CLANG_CXX_LIBRARY = "libc++";
				CLANG_ENABLE_MODULES = YES;
				CLANG_ENABLE_OBJC_ARC = YES;
				CLANG_WARN_BOOL_CONVERSION = YES;
				CLANG_WARN_CONSTANT_CONVERSION = YES;
				CLANG_WARN_DIRECT_OBJC_ISA_USAGE = YES_ERROR;
				CLANG_WARN_EMPTY_BODY = YES;
				CLANG_WARN_ENUM_CONVERSION = YES;
				CLANG_WARN_INT_CONVERSION = YES;
				CLANG_WARN_OBJC_ROOT_CLASS = YES_ERROR;
				CLANG_WARN_UNREACHABLE_CODE = YES;
				CLANG_WARN__DUPLICATE_METHOD_MATCH = YES;
				"CODE_SIGN_IDENTITY[sdk=iphoneos*]" = "iPhone Developer";
				COPY_PHASE_STRIP = YES;
				ENABLE_NS_ASSERTIONS = NO;
				ENABLE_STRICT_OBJC_MSGSEND = YES;
				GCC_C_LANGUAGE_STANDARD = gnu99;
				GCC_WARN_64_TO_32_BIT_CONVERSION = YES;
				GCC_WARN_ABOUT_RETURN_TYPE = YES_ERROR;
				GCC_WARN_UNDECLARED_SELECTOR = YES;
				GCC_WARN_UNINITIALIZED_AUTOS = YES_AGGRESSIVE;
				GCC_WARN_UNUSED_FUNCTION = YES;
				GCC_WARN_UNUSED_VARIABLE = YES;
				IPHONEOS_DEPLOYMENT_TARGET = 8.1;
				MTL_ENABLE_DEBUG_INFO = NO;
				SDKROOT = iphoneos;
				TARGETED_DEVICE_FAMILY = "1,2";
				VALIDATE_PRODUCT = YES;
			};
			name = Release;
		};
		2D2548961A3A69B000C833E2 /* Debug */ = {
			isa = XCBuildConfiguration;
			buildSettings = {
				ASSETCATALOG_COMPILER_APPICON_NAME = AppIcon;
				FRAMEWORK_SEARCH_PATHS = (
					"$(inherited)",
					/Users/mrenninger/Documents/FacebookSDK,
				);
				INFOPLIST_FILE = ExchangeAGram/Info.plist;
				LD_RUNPATH_SEARCH_PATHS = "$(inherited) @executable_path/Frameworks";
				PRODUCT_NAME = "$(TARGET_NAME)";
				SWIFT_OBJC_BRIDGING_HEADER = "ExchangeAGram/Bridging-Header.h";
			};
			name = Debug;
		};
		2D2548971A3A69B000C833E2 /* Release */ = {
			isa = XCBuildConfiguration;
			buildSettings = {
				ASSETCATALOG_COMPILER_APPICON_NAME = AppIcon;
				FRAMEWORK_SEARCH_PATHS = (
					"$(inherited)",
					/Users/mrenninger/Documents/FacebookSDK,
				);
				INFOPLIST_FILE = ExchangeAGram/Info.plist;
				LD_RUNPATH_SEARCH_PATHS = "$(inherited) @executable_path/Frameworks";
				PRODUCT_NAME = "$(TARGET_NAME)";
				SWIFT_OBJC_BRIDGING_HEADER = "ExchangeAGram/Bridging-Header.h";
			};
			name = Release;
		};
		2D2548991A3A69B000C833E2 /* Debug */ = {
			isa = XCBuildConfiguration;
			buildSettings = {
				BUNDLE_LOADER = "$(TEST_HOST)";
				FRAMEWORK_SEARCH_PATHS = (
					"$(SDKROOT)/Developer/Library/Frameworks",
					"$(inherited)",
				);
				GCC_PREPROCESSOR_DEFINITIONS = (
					"DEBUG=1",
					"$(inherited)",
				);
				INFOPLIST_FILE = ExchangeAGramTests/Info.plist;
				LD_RUNPATH_SEARCH_PATHS = "$(inherited) @executable_path/Frameworks @loader_path/Frameworks";
				PRODUCT_NAME = "$(TARGET_NAME)";
				TEST_HOST = "$(BUILT_PRODUCTS_DIR)/ExchangeAGram.app/ExchangeAGram";
			};
			name = Debug;
		};
		2D25489A1A3A69B000C833E2 /* Release */ = {
			isa = XCBuildConfiguration;
			buildSettings = {
				BUNDLE_LOADER = "$(TEST_HOST)";
				FRAMEWORK_SEARCH_PATHS = (
					"$(SDKROOT)/Developer/Library/Frameworks",
					"$(inherited)",
				);
				INFOPLIST_FILE = ExchangeAGramTests/Info.plist;
				LD_RUNPATH_SEARCH_PATHS = "$(inherited) @executable_path/Frameworks @loader_path/Frameworks";
				PRODUCT_NAME = "$(TARGET_NAME)";
				TEST_HOST = "$(BUILT_PRODUCTS_DIR)/ExchangeAGram.app/ExchangeAGram";
			};
			name = Release;
		};
/* End XCBuildConfiguration section */

/* Begin XCConfigurationList section */
		2D25486E1A3A69B000C833E2 /* Build configuration list for PBXProject "ExchangeAGram" */ = {
			isa = XCConfigurationList;
			buildConfigurations = (
				2D2548931A3A69B000C833E2 /* Debug */,
				2D2548941A3A69B000C833E2 /* Release */,
			);
			defaultConfigurationIsVisible = 0;
			defaultConfigurationName = Release;
		};
		2D2548951A3A69B000C833E2 /* Build configuration list for PBXNativeTarget "ExchangeAGram" */ = {
			isa = XCConfigurationList;
			buildConfigurations = (
				2D2548961A3A69B000C833E2 /* Debug */,
				2D2548971A3A69B000C833E2 /* Release */,
			);
			defaultConfigurationIsVisible = 0;
			defaultConfigurationName = Release;
		};
		2D2548981A3A69B000C833E2 /* Build configuration list for PBXNativeTarget "ExchangeAGramTests" */ = {
			isa = XCConfigurationList;
			buildConfigurations = (
				2D2548991A3A69B000C833E2 /* Debug */,
				2D25489A1A3A69B000C833E2 /* Release */,
			);
			defaultConfigurationIsVisible = 0;
			defaultConfigurationName = Release;
		};
/* End XCConfigurationList section */

/* Begin XCVersionGroup section */
		2D25487A1A3A69B000C833E2 /* ExchangeAGram.xcdatamodeld */ = {
			isa = XCVersionGroup;
			children = (
				2D25487B1A3A69B000C833E2 /* ExchangeAGram.xcdatamodel */,
			);
			currentVersion = 2D25487B1A3A69B000C833E2 /* ExchangeAGram.xcdatamodel */;
			path = ExchangeAGram.xcdatamodeld;
			sourceTree = "<group>";
			versionGroupType = wrapper.xcdatamodel;
		};
/* End XCVersionGroup section */
	};
	rootObject = 2D25486B1A3A69B000C833E2 /* Project object */;
}
